
Microsoft Visual Studio Solution File, Format Version 12.00
# Visual Studio Version 16
VisualStudioVersion = 16.0.29709.97
MinimumVisualStudioVersion = 10.0.40219.1
Project("{FAE04EC0-301F-11D3-BF4B-00C04F79EFBC}") = "Holiday_Reservation", "Holiday_Reservation\Holiday_Reservation.csproj", "{1B91409D-DA5E-4AA8-969A-B6EE2CEEED4C}"
EndProject
Global
	GlobalSection(SolutionConfigurationPlatforms) = preSolution
		Debug|Any CPU = Debug|Any CPU
		Release|Any CPU = Release|Any CPU
	EndGlobalSection
	GlobalSection(ProjectConfigurationPlatforms) = postSolution
		{1B91409D-DA5E-4AA8-969A-B6EE2CEEED4C}.Debug|Any CPU.ActiveCfg = Debug|Any CPU
		{1B91409D-DA5E-4AA8-969A-B6EE2CEEED4C}.Debug|Any CPU.Build.0 = Debug|Any CPU
		{1B91409D-DA5E-4AA8-969A-B6EE2CEEED4C}.Release|Any CPU.ActiveCfg = Release|Any CPU
		{1B91409D-DA5E-4AA8-969A-B6EE2CEEED4C}.Release|Any CPU.Build.0 = Release|Any CPU
	EndGlobalSection
	GlobalSection(SolutionProperties) = preSolution
		HideSolutionNode = FALSE
	EndGlobalSection
	GlobalSection(ExtensibilityGlobals) = postSolution
		SolutionGuid = {025B70E1-61A5-4789-9821-34720BB4C1D6}
	EndGlobalSection
EndGlobal
